
Microsoft Visual Studio Solution File, Format Version 12.00
# Visual Studio Version 17
VisualStudioVersion = 17.14.37111.16 d17.14
MinimumVisualStudioVersion = 10.0.40219.1
Project("{FAE04EC0-301F-11D3-BF4B-00C04F79EFBC}") = "EmployeeApi", "EmployeeApi.csproj", "{BC1E0686-5C8F-4141-8DCA-66CA9B55C7AE}"
EndProject
Global
	GlobalSection(SolutionConfigurationPlatforms) = preSolution
		Debug|Any CPU = Debug|Any CPU
		Release|Any CPU = Release|Any CPU
	EndGlobalSection
	GlobalSection(ProjectConfigurationPlatforms) = postSolution
		{BC1E0686-5C8F-4141-8DCA-66CA9B55C7AE}.Debug|Any CPU.ActiveCfg = Debug|Any CPU
		{BC1E0686-5C8F-4141-8DCA-66CA9B55C7AE}.Debug|Any CPU.Build.0 = Debug|Any CPU
		{BC1E0686-5C8F-4141-8DCA-66CA9B55C7AE}.Release|Any CPU.ActiveCfg = Release|Any CPU
		{BC1E0686-5C8F-4141-8DCA-66CA9B55C7AE}.Release|Any CPU.Build.0 = Release|Any CPU
	EndGlobalSection
	GlobalSection(SolutionProperties) = preSolution
		HideSolutionNode = FALSE
	EndGlobalSection
	GlobalSection(ExtensibilityGlobals) = postSolution
		SolutionGuid = {282D700F-6F2E-429F-B494-B12BD54FE83E}
	EndGlobalSection
EndGlobal
